
Microsoft Visual Studio Solution File, Format Version 12.00
# Visual Studio Version 16
VisualStudioVersion = 16.0.33214.272
MinimumVisualStudioVersion = 10.0.40219.1
Project("{9A19103F-16F7-4668-BE54-9A1E7A4F7556}") = "DataAccessLayer", "DataAccessLayer\DataAccessLayer.csproj", "{C2022167-CE8D-462A-96D0-ED7413F8772F}"
EndProject
Project("{9A19103F-16F7-4668-BE54-9A1E7A4F7556}") = "Business", "Business\Business.csproj", "{8E6539AC-4700-4FF6-93CB-B983A07B721A}"
EndProject
Project("{9A19103F-16F7-4668-BE54-9A1E7A4F7556}") = "Entities", "Entities\Entities.csproj", "{B55DF78B-B2E7-44A1-B644-7118DF2FAB44}"
EndProject
Project("{9A19103F-16F7-4668-BE54-9A1E7A4F7556}") = "UI", "UI\UI.csproj", "{8BB5985C-8C2C-41E0-AC03-06D80E8D0A9C}"
EndProject
Project("{FAE04EC0-301F-11D3-BF4B-00C04F79EFBC}") = "Core", "Core\Core.csproj", "{75D736E3-EA06-4B42-8FA3-542D5D9F2479}"
EndProject
Global
	GlobalSection(SolutionConfigurationPlatforms) = preSolution
		Debug|Any CPU = Debug|Any CPU
		Release|Any CPU = Release|Any CPU
	EndGlobalSection
	GlobalSection(ProjectConfigurationPlatforms) = postSolution
		{C2022167-CE8D-462A-96D0-ED7413F8772F}.Debug|Any CPU.ActiveCfg = Debug|Any CPU
		{C2022167-CE8D-462A-96D0-ED7413F8772F}.Debug|Any CPU.Build.0 = Debug|Any CPU
		{C2022167-CE8D-462A-96D0-ED7413F8772F}.Release|Any CPU.ActiveCfg = Release|Any CPU
		{C2022167-CE8D-462A-96D0-ED7413F8772F}.Release|Any CPU.Build.0 = Release|Any CPU
		{8E6539AC-4700-4FF6-93CB-B983A07B721A}.Debug|Any CPU.ActiveCfg = Debug|Any CPU
		{8E6539AC-4700-4FF6-93CB-B983A07B721A}.Debug|Any CPU.Build.0 = Debug|Any CPU
		{8E6539AC-4700-4FF6-93CB-B983A07B721A}.Release|Any CPU.ActiveCfg = Release|Any CPU
		{8E6539AC-4700-4FF6-93CB-B983A07B721A}.Release|Any CPU.Build.0 = Release|Any CPU
		{B55DF78B-B2E7-44A1-B644-7118DF2FAB44}.Debug|Any CPU.ActiveCfg = Debug|Any CPU
		{B55DF78B-B2E7-44A1-B644-7118DF2FAB44}.Debug|Any CPU.Build.0 = Debug|Any CPU
		{B55DF78B-B2E7-44A1-B644-7118DF2FAB44}.Release|Any CPU.ActiveCfg = Release|Any CPU
		{B55DF78B-B2E7-44A1-B644-7118DF2FAB44}.Release|Any CPU.Build.0 = Release|Any CPU
		{8BB5985C-8C2C-41E0-AC03-06D80E8D0A9C}.Debug|Any CPU.ActiveCfg = Debug|Any CPU
		{8BB5985C-8C2C-41E0-AC03-06D80E8D0A9C}.Debug|Any CPU.Build.0 = Debug|Any CPU
		{8BB5985C-8C2C-41E0-AC03-06D80E8D0A9C}.Release|Any CPU.ActiveCfg = Release|Any CPU
		{8BB5985C-8C2C-41E0-AC03-06D80E8D0A9C}.Release|Any CPU.Build.0 = Release|Any CPU
		{75D736E3-EA06-4B42-8FA3-542D5D9F2479}.Debug|Any CPU.ActiveCfg = Debug|Any CPU
		{75D736E3-EA06-4B42-8FA3-542D5D9F2479}.Debug|Any CPU.Build.0 = Debug|Any CPU
		{75D736E3-EA06-4B42-8FA3-542D5D9F2479}.Release|Any CPU.ActiveCfg = Release|Any CPU
		{75D736E3-EA06-4B42-8FA3-542D5D9F2479}.Release|Any CPU.Build.0 = Release|Any CPU
	EndGlobalSection
	GlobalSection(SolutionProperties) = preSolution
		HideSolutionNode = FALSE
	EndGlobalSection
	GlobalSection(ExtensibilityGlobals) = postSolution
		SolutionGuid = {BDA4F469-361B-4F02-9810-306FE4C86E91}
	EndGlobalSection
EndGlobal
